
Microsoft Visual Studio Solution File, Format Version 12.00
# Visual Studio 15
VisualStudioVersion = 15.0.28307.757
MinimumVisualStudioVersion = 10.0.40219.1
Project("{8BC9CEB8-8B4A-11D0-8D11-00A0C91BC942}") = "C-PointerLecture", "C-PointerLecture\C-PointerLecture.vcxproj", "{A4834B3D-7C59-447C-9A36-C4BD4E98191D}"
EndProject
Project("{2150E333-8FDC-42A3-9474-1A3956D46DE8}") = "readme", "readme", "{8613179E-9029-4D2D-AB2E-C0AB00CF852D}"
	ProjectSection(SolutionItems) = preProject
		..\README.md = ..\README.md
	EndProjectSection
EndProject
Project("{8BC9CEB8-8B4A-11D0-8D11-00A0C91BC942}") = "1.类型大小", "1.类型大小\1.类型大小.vcxproj", "{5BC3BFB7-8289-4048-8857-BEEFAC381006}"
EndProject
Project("{8BC9CEB8-8B4A-11D0-8D11-00A0C91BC942}") = "3.作用域概念", "3.作用域概念\3.作用域概念.vcxproj", "{9280B6EC-D88D-4BDB-84C6-41F3DA323BA2}"
EndProject
Project("{8BC9CEB8-8B4A-11D0-8D11-00A0C91BC942}") = "4.生命周期概念", "4.生命周期概念\4.生命周期概念.vcxproj", "{1E6D9CD7-5CB2-4530-8397-AFFF00060E9B}"
EndProject
Project("{8BC9CEB8-8B4A-11D0-8D11-00A0C91BC942}") = "5.初识指针", "5.初识指针\5.初识指针.vcxproj", "{B6C37B4F-1655-48B2-A528-87CC170A4155}"
EndProject
Project("{8BC9CEB8-8B4A-11D0-8D11-00A0C91BC942}") = "6.指针和单元素变量", "6.指针和单元素变量\6.指针和单元素变量.vcxproj", "{C50EAB74-1804-4C51-BFA6-9F677BA23C08}"
EndProject
Project("{8BC9CEB8-8B4A-11D0-8D11-00A0C91BC942}") = "7.指针和一维数组", "7.指针和一维数组\7.指针和一维数组.vcxproj", "{BFA5EC00-693A-44E4-B36D-38541C04A509}"
EndProject
Project("{8BC9CEB8-8B4A-11D0-8D11-00A0C91BC942}") = "8.字符串和一维数组", "8.字符串和一维数组\8.字符串和一维数组.vcxproj", "{C7AEF32A-2B28-462F-8EAE-12C38FB73617}"
EndProject
Global
	GlobalSection(SolutionConfigurationPlatforms) = preSolution
		Debug|x64 = Debug|x64
		Debug|x86 = Debug|x86
		Release|x64 = Release|x64
		Release|x86 = Release|x86
	EndGlobalSection
	GlobalSection(ProjectConfigurationPlatforms) = postSolution
		{A4834B3D-7C59-447C-9A36-C4BD4E98191D}.Debug|x64.ActiveCfg = Debug|x64
		{A4834B3D-7C59-447C-9A36-C4BD4E98191D}.Debug|x64.Build.0 = Debug|x64
		{A4834B3D-7C59-447C-9A36-C4BD4E98191D}.Debug|x86.ActiveCfg = Debug|Win32
		{A4834B3D-7C59-447C-9A36-C4BD4E98191D}.Debug|x86.Build.0 = Debug|Win32
		{A4834B3D-7C59-447C-9A36-C4BD4E98191D}.Release|x64.ActiveCfg = Release|x64
		{A4834B3D-7C59-447C-9A36-C4BD4E98191D}.Release|x64.Build.0 = Release|x64
		{A4834B3D-7C59-447C-9A36-C4BD4E98191D}.Release|x86.ActiveCfg = Release|Win32
		{A4834B3D-7C59-447C-9A36-C4BD4E98191D}.Release|x86.Build.0 = Release|Win32
		{5BC3BFB7-8289-4048-8857-BEEFAC381006}.Debug|x64.ActiveCfg = Debug|x64
		{5BC3BFB7-8289-4048-8857-BEEFAC381006}.Debug|x64.Build.0 = Debug|x64
		{5BC3BFB7-8289-4048-8857-BEEFAC381006}.Debug|x86.ActiveCfg = Debug|Win32
		{5BC3BFB7-8289-4048-8857-BEEFAC381006}.Debug|x86.Build.0 = Debug|Win32
		{5BC3BFB7-8289-4048-8857-BEEFAC381006}.Release|x64.ActiveCfg = Release|x64
		{5BC3BFB7-8289-4048-8857-BEEFAC381006}.Release|x64.Build.0 = Release|x64
		{5BC3BFB7-8289-4048-8857-BEEFAC381006}.Release|x86.ActiveCfg = Release|Win32
		{5BC3BFB7-8289-4048-8857-BEEFAC381006}.Release|x86.Build.0 = Release|Win32
		{9280B6EC-D88D-4BDB-84C6-41F3DA323BA2}.Debug|x64.ActiveCfg = Debug|x64
		{9280B6EC-D88D-4BDB-84C6-41F3DA323BA2}.Debug|x64.Build.0 = Debug|x64
		{9280B6EC-D88D-4BDB-84C6-41F3DA323BA2}.Debug|x86.ActiveCfg = Debug|Win32
		{9280B6EC-D88D-4BDB-84C6-41F3DA323BA2}.Debug|x86.Build.0 = Debug|Win32
		{9280B6EC-D88D-4BDB-84C6-41F3DA323BA2}.Release|x64.ActiveCfg = Release|x64
		{9280B6EC-D88D-4BDB-84C6-41F3DA323BA2}.Release|x64.Build.0 = Release|x64
		{9280B6EC-D88D-4BDB-84C6-41F3DA323BA2}.Release|x86.ActiveCfg = Release|Win32
		{9280B6EC-D88D-4BDB-84C6-41F3DA323BA2}.Release|x86.Build.0 = Release|Win32
		{1E6D9CD7-5CB2-4530-8397-AFFF00060E9B}.Debug|x64.ActiveCfg = Debug|x64
		{1E6D9CD7-5CB2-4530-8397-AFFF00060E9B}.Debug|x64.Build.0 = Debug|x64
		{1E6D9CD7-5CB2-4530-8397-AFFF00060E9B}.Debug|x86.ActiveCfg = Debug|Win32
		{1E6D9CD7-5CB2-4530-8397-AFFF00060E9B}.Debug|x86.Build.0 = Debug|Win32
		{1E6D9CD7-5CB2-4530-8397-AFFF00060E9B}.Release|x64.ActiveCfg = Release|x64
		{1E6D9CD7-5CB2-4530-8397-AFFF00060E9B}.Release|x64.Build.0 = Release|x64
		{1E6D9CD7-5CB2-4530-8397-AFFF00060E9B}.Release|x86.ActiveCfg = Release|Win32
		{1E6D9CD7-5CB2-4530-8397-AFFF00060E9B}.Release|x86.Build.0 = Release|Win32
		{B6C37B4F-1655-48B2-A528-87CC170A4155}.Debug|x64.ActiveCfg = Debug|x64
		{B6C37B4F-1655-48B2-A528-87CC170A4155}.Debug|x64.Build.0 = Debug|x64
		{B6C37B4F-1655-48B2-A528-87CC170A4155}.Debug|x86.ActiveCfg = Debug|Win32
		{B6C37B4F-1655-48B2-A528-87CC170A4155}.Debug|x86.Build.0 = Debug|Win32
		{B6C37B4F-1655-48B2-A528-87CC170A4155}.Release|x64.ActiveCfg = Release|x64
		{B6C37B4F-1655-48B2-A528-87CC170A4155}.Release|x64.Build.0 = Release|x64
		{B6C37B4F-1655-48B2-A528-87CC170A4155}.Release|x86.ActiveCfg = Release|Win32
		{B6C37B4F-1655-48B2-A528-87CC170A4155}.Release|x86.Build.0 = Release|Win32
		{C50EAB74-1804-4C51-BFA6-9F677BA23C08}.Debug|x64.ActiveCfg = Debug|x64
		{C50EAB74-1804-4C51-BFA6-9F677BA23C08}.Debug|x64.Build.0 = Debug|x64
		{C50EAB74-1804-4C51-BFA6-9F677BA23C08}.Debug|x86.ActiveCfg = Debug|Win32
		{C50EAB74-1804-4C51-BFA6-9F677BA23C08}.Debug|x86.Build.0 = Debug|Win32
		{C50EAB74-1804-4C51-BFA6-9F677BA23C08}.Release|x64.ActiveCfg = Release|x64
		{C50EAB74-1804-4C51-BFA6-9F677BA23C08}.Release|x64.Build.0 = Release|x64
		{C50EAB74-1804-4C51-BFA6-9F677BA23C08}.Release|x86.ActiveCfg = Release|Win32
		{C50EAB74-1804-4C51-BFA6-9F677BA23C08}.Release|x86.Build.0 = Release|Win32
		{BFA5EC00-693A-44E4-B36D-38541C04A509}.Debug|x64.ActiveCfg = Debug|x64
		{BFA5EC00-693A-44E4-B36D-38541C04A509}.Debug|x64.Build.0 = Debug|x64
		{BFA5EC00-693A-44E4-B36D-38541C04A509}.Debug|x86.ActiveCfg = Debug|Win32
		{BFA5EC00-693A-44E4-B36D-38541C04A509}.Debug|x86.Build.0 = Debug|Win32
		{BFA5EC00-693A-44E4-B36D-38541C04A509}.Release|x64.ActiveCfg = Release|x64
		{BFA5EC00-693A-44E4-B36D-38541C04A509}.Release|x64.Build.0 = Release|x64
		{BFA5EC00-693A-44E4-B36D-38541C04A509}.Release|x86.ActiveCfg = Release|Win32
		{BFA5EC00-693A-44E4-B36D-38541C04A509}.Release|x86.Build.0 = Release|Win32
		{C7AEF32A-2B28-462F-8EAE-12C38FB73617}.Debug|x64.ActiveCfg = Debug|x64
		{C7AEF32A-2B28-462F-8EAE-12C38FB73617}.Debug|x64.Build.0 = Debug|x64
		{C7AEF32A-2B28-462F-8EAE-12C38FB73617}.Debug|x86.ActiveCfg = Debug|Win32
		{C7AEF32A-2B28-462F-8EAE-12C38FB73617}.Debug|x86.Build.0 = Debug|Win32
		{C7AEF32A-2B28-462F-8EAE-12C38FB73617}.Release|x64.ActiveCfg = Release|x64
		{C7AEF32A-2B28-462F-8EAE-12C38FB73617}.Release|x64.Build.0 = Release|x64
		{C7AEF32A-2B28-462F-8EAE-12C38FB73617}.Release|x86.ActiveCfg = Release|Win32
		{C7AEF32A-2B28-462F-8EAE-12C38FB73617}.Release|x86.Build.0 = Release|Win32
	EndGlobalSection
	GlobalSection(SolutionProperties) = preSolution
		HideSolutionNode = FALSE
	EndGlobalSection
	GlobalSection(ExtensibilityGlobals) = postSolution
		SolutionGuid = {F1A1182C-38D4-4B77-9717-2A115B50BCA8}
	EndGlobalSection
EndGlobal
